// !$*UTF8*$!
{
	archiveVersion = 1;
	classes = {
	};
	objectVersion = 50;
	objects = {

/* Begin PBXBuildFile section */
		1C4B1A022180EC32007CB9FD /* FridgeViewController.swift in Sources */ = {isa = PBXBuildFile; fileRef = 1C4B1A012180EC32007CB9FD /* FridgeViewController.swift */; };
		1C4B1A0421884EA9007CB9FD /* CookViewController.swift in Sources */ = {isa = PBXBuildFile; fileRef = 1C4B1A0321884EA9007CB9FD /* CookViewController.swift */; };
		1C4B1A06218866E3007CB9FD /* CookTableViewCell.swift in Sources */ = {isa = PBXBuildFile; fileRef = 1C4B1A05218866E2007CB9FD /* CookTableViewCell.swift */; };
		1C4B1A0821887081007CB9FD /* Recipe.swift in Sources */ = {isa = PBXBuildFile; fileRef = 1C4B1A0721887081007CB9FD /* Recipe.swift */; };
		1C72FBAD222D29A100735546 /* DataManager.swift in Sources */ = {isa = PBXBuildFile; fileRef = 1C72FBAC222D29A100735546 /* DataManager.swift */; };
		1CA007C82165571B0072A908 /* AppDelegate.swift in Sources */ = {isa = PBXBuildFile; fileRef = 1CA007C72165571B0072A908 /* AppDelegate.swift */; };
		1CA007CD2165571B0072A908 /* Main.storyboard in Resources */ = {isa = PBXBuildFile; fileRef = 1CA007CB2165571B0072A908 /* Main.storyboard */; };
		1CA007D22165571E0072A908 /* LaunchScreen.storyboard in Resources */ = {isa = PBXBuildFile; fileRef = 1CA007D02165571E0072A908 /* LaunchScreen.storyboard */; };
		1CA007DC216559360072A908 /* CartViewController.swift in Sources */ = {isa = PBXBuildFile; fileRef = 1CA007DB216559360072A908 /* CartViewController.swift */; };
		1CA007DE216562000072A908 /* Product.swift in Sources */ = {isa = PBXBuildFile; fileRef = 1CA007DD216562000072A908 /* Product.swift */; };
		1CAC8311217C70FA0081F24E /* CartCollectionViewController.swift in Sources */ = {isa = PBXBuildFile; fileRef = 1CAC8310217C70FA0081F24E /* CartCollectionViewController.swift */; };
		1CAC8313217C72070081F24E /* ShoppingCart.swift in Sources */ = {isa = PBXBuildFile; fileRef = 1CAC8312217C72070081F24E /* ShoppingCart.swift */; };
		1CAECA19216BDAB3002D3B6D /* TextFieldCell.swift in Sources */ = {isa = PBXBuildFile; fileRef = 1CAECA18216BDAB3002D3B6D /* TextFieldCell.swift */; };
		1CBEB20A21AAC9300036E996 /* RecipeCollectionViewController.swift in Sources */ = {isa = PBXBuildFile; fileRef = 1CBEB20921AAC9300036E996 /* RecipeCollectionViewController.swift */; };
		1CBEB20C21AAD6C30036E996 /* RecipeCollectionViewCell.swift in Sources */ = {isa = PBXBuildFile; fileRef = 1CBEB20B21AAD6C30036E996 /* RecipeCollectionViewCell.swift */; };
		1CBEB20E21AAE97B0036E996 /* RecipeViewController.swift in Sources */ = {isa = PBXBuildFile; fileRef = 1CBEB20D21AAE97B0036E996 /* RecipeViewController.swift */; };
		1CBEB21021B70CD00036E996 /* Configuration.swift in Sources */ = {isa = PBXBuildFile; fileRef = 1CBEB20F21B70CD00036E996 /* Configuration.swift */; };
		1CBEB2B021CE7DBE0036E996 /* Assets.xcassets in Resources */ = {isa = PBXBuildFile; fileRef = 1CBEB2AF21CE7DBD0036E996 /* Assets.xcassets */; };
		1CBF527721D2CFB700972CB5 /* RecipeStepTableViewCell.swift in Sources */ = {isa = PBXBuildFile; fileRef = 1CBF527621D2CFB700972CB5 /* RecipeStepTableViewCell.swift */; };
		1CCC6376219383B40066919E /* PopupEditViewController.swift in Sources */ = {isa = PBXBuildFile; fileRef = 1CCC6375219383B40066919E /* PopupEditViewController.swift */; };
		3A52DC7F3D045742F39E9C43 /* Pods_Cookity.framework in Frameworks */ = {isa = PBXBuildFile; fileRef = 0B8C92B62FE3AF11FE18BB20 /* Pods_Cookity.framework */; };
/* End PBXBuildFile section */

/* Begin PBXFileReference section */
		0B8C92B62FE3AF11FE18BB20 /* Pods_Cookity.framework */ = {isa = PBXFileReference; explicitFileType = wrapper.framework; includeInIndex = 0; path = Pods_Cookity.framework; sourceTree = BUILT_PRODUCTS_DIR; };
		1C4B1A012180EC32007CB9FD /* FridgeViewController.swift */ = {isa = PBXFileReference; lastKnownFileType = sourcecode.swift; path = FridgeViewController.swift; sourceTree = "<group>"; };
		1C4B1A0321884EA9007CB9FD /* CookViewController.swift */ = {isa = PBXFileReference; lastKnownFileType = sourcecode.swift; path = CookViewController.swift; sourceTree = "<group>"; };
		1C4B1A05218866E2007CB9FD /* CookTableViewCell.swift */ = {isa = PBXFileReference; lastKnownFileType = sourcecode.swift; path = CookTableViewCell.swift; sourceTree = "<group>"; };
		1C4B1A0721887081007CB9FD /* Recipe.swift */ = {isa = PBXFileReference; lastKnownFileType = sourcecode.swift; path = Recipe.swift; sourceTree = "<group>"; };
		1C72FBAC222D29A100735546 /* DataManager.swift */ = {isa = PBXFileReference; lastKnownFileType = sourcecode.swift; path = DataManager.swift; sourceTree = "<group>"; };
		1CA007C42165571B0072A908 /* Cookity.app */ = {isa = PBXFileReference; explicitFileType = wrapper.application; includeInIndex = 0; path = Cookity.app; sourceTree = BUILT_PRODUCTS_DIR; };
		1CA007C72165571B0072A908 /* AppDelegate.swift */ = {isa = PBXFileReference; lastKnownFileType = sourcecode.swift; path = AppDelegate.swift; sourceTree = "<group>"; };
		1CA007CC2165571B0072A908 /* Base */ = {isa = PBXFileReference; lastKnownFileType = file.storyboard; name = Base; path = Base.lproj/Main.storyboard; sourceTree = "<group>"; };
		1CA007D12165571E0072A908 /* Base */ = {isa = PBXFileReference; lastKnownFileType = file.storyboard; name = Base; path = Base.lproj/LaunchScreen.storyboard; sourceTree = "<group>"; };
		1CA007D32165571E0072A908 /* Info.plist */ = {isa = PBXFileReference; lastKnownFileType = text.plist.xml; path = Info.plist; sourceTree = "<group>"; };
		1CA007DB216559360072A908 /* CartViewController.swift */ = {isa = PBXFileReference; lastKnownFileType = sourcecode.swift; path = CartViewController.swift; sourceTree = "<group>"; };
		1CA007DD216562000072A908 /* Product.swift */ = {isa = PBXFileReference; lastKnownFileType = sourcecode.swift; path = Product.swift; sourceTree = "<group>"; };
		1CAC8310217C70FA0081F24E /* CartCollectionViewController.swift */ = {isa = PBXFileReference; lastKnownFileType = sourcecode.swift; path = CartCollectionViewController.swift; sourceTree = "<group>"; };
		1CAC8312217C72070081F24E /* ShoppingCart.swift */ = {isa = PBXFileReference; lastKnownFileType = sourcecode.swift; path = ShoppingCart.swift; sourceTree = "<group>"; };
		1CAECA18216BDAB3002D3B6D /* TextFieldCell.swift */ = {isa = PBXFileReference; lastKnownFileType = sourcecode.swift; path = TextFieldCell.swift; sourceTree = "<group>"; };
		1CBEB20921AAC9300036E996 /* RecipeCollectionViewController.swift */ = {isa = PBXFileReference; lastKnownFileType = sourcecode.swift; path = RecipeCollectionViewController.swift; sourceTree = "<group>"; };
		1CBEB20B21AAD6C30036E996 /* RecipeCollectionViewCell.swift */ = {isa = PBXFileReference; lastKnownFileType = sourcecode.swift; path = RecipeCollectionViewCell.swift; sourceTree = "<group>"; };
		1CBEB20D21AAE97B0036E996 /* RecipeViewController.swift */ = {isa = PBXFileReference; lastKnownFileType = sourcecode.swift; path = RecipeViewController.swift; sourceTree = "<group>"; };
		1CBEB20F21B70CD00036E996 /* Configuration.swift */ = {isa = PBXFileReference; lastKnownFileType = sourcecode.swift; path = Configuration.swift; sourceTree = "<group>"; };
		1CBEB2AF21CE7DBD0036E996 /* Assets.xcassets */ = {isa = PBXFileReference; lastKnownFileType = folder.assetcatalog; path = Assets.xcassets; sourceTree = "<group>"; };
		1CBF527621D2CFB700972CB5 /* RecipeStepTableViewCell.swift */ = {isa = PBXFileReference; lastKnownFileType = sourcecode.swift; path = RecipeStepTableViewCell.swift; sourceTree = "<group>"; };
		1CCC6375219383B40066919E /* PopupEditViewController.swift */ = {isa = PBXFileReference; lastKnownFileType = sourcecode.swift; path = PopupEditViewController.swift; sourceTree = "<group>"; };
		BE061007BD97220A92EF05D9 /* Pods-Cookity.release.xcconfig */ = {isa = PBXFileReference; includeInIndex = 1; lastKnownFileType = text.xcconfig; name = "Pods-Cookity.release.xcconfig"; path = "Pods/Target Support Files/Pods-Cookity/Pods-Cookity.release.xcconfig"; sourceTree = "<group>"; };
		DEDE6A691C1DBBA1F1CA80EC /* Pods-Cookity.debug.xcconfig */ = {isa = PBXFileReference; includeInIndex = 1; lastKnownFileType = text.xcconfig; name = "Pods-Cookity.debug.xcconfig"; path = "Pods/Target Support Files/Pods-Cookity/Pods-Cookity.debug.xcconfig"; sourceTree = "<group>"; };
/* End PBXFileReference section */

/* Begin PBXFrameworksBuildPhase section */
		1CA007C12165571B0072A908 /* Frameworks */ = {
			isa = PBXFrameworksBuildPhase;
			buildActionMask = 2147483647;
			files = (
				3A52DC7F3D045742F39E9C43 /* Pods_Cookity.framework in Frameworks */,
			);
			runOnlyForDeploymentPostprocessing = 0;
		};
/* End PBXFrameworksBuildPhase section */

/* Begin PBXGroup section */
		1CA007BB2165571A0072A908 = {
			isa = PBXGroup;
			children = (
				1CA007D32165571E0072A908 /* Info.plist */,
				1CA007C62165571B0072A908 /* Cookity */,
				1CBEB2AF21CE7DBD0036E996 /* Assets.xcassets */,
				1CA007C52165571B0072A908 /* Products */,
				5C2B60D9A07ED442EE17608F /* Pods */,
				B8062FA9E1FBB681E6E9EDA9 /* Frameworks */,
			);
			sourceTree = "<group>";
		};
		1CA007C52165571B0072A908 /* Products */ = {
			isa = PBXGroup;
			children = (
				1CA007C42165571B0072A908 /* Cookity.app */,
			);
			name = Products;
			sourceTree = "<group>";
		};
		1CA007C62165571B0072A908 /* Cookity */ = {
			isa = PBXGroup;
			children = (
				1CA007C72165571B0072A908 /* AppDelegate.swift */,
				1CA007DF2165628C0072A908 /* Model */,
				1CA007E02165629D0072A908 /* Controller */,
				1CA007E1216562D20072A908 /* View */,
			);
			path = Cookity;
			sourceTree = "<group>";
		};
		1CA007DF2165628C0072A908 /* Model */ = {
			isa = PBXGroup;
			children = (
				1CA007DD216562000072A908 /* Product.swift */,
				1CAC8312217C72070081F24E /* ShoppingCart.swift */,
				1C4B1A0721887081007CB9FD /* Recipe.swift */,
			);
			path = Model;
			sourceTree = "<group>";
		};
		1CA007E02165629D0072A908 /* Controller */ = {
			isa = PBXGroup;
			children = (
				1C72FBAC222D29A100735546 /* DataManager.swift */,
				1CBEB20F21B70CD00036E996 /* Configuration.swift */,
				1CA007DB216559360072A908 /* CartViewController.swift */,
				1CAC8310217C70FA0081F24E /* CartCollectionViewController.swift */,
				1C4B1A012180EC32007CB9FD /* FridgeViewController.swift */,
				1C4B1A0321884EA9007CB9FD /* CookViewController.swift */,
				1CBEB20921AAC9300036E996 /* RecipeCollectionViewController.swift */,
				1CBEB20D21AAE97B0036E996 /* RecipeViewController.swift */,
				1CCC6375219383B40066919E /* PopupEditViewController.swift */,
			);
			path = Controller;
			sourceTree = "<group>";
		};
		1CA007E1216562D20072A908 /* View */ = {
			isa = PBXGroup;
			children = (
				1CAECA18216BDAB3002D3B6D /* TextFieldCell.swift */,
				1C4B1A05218866E2007CB9FD /* CookTableViewCell.swift */,
				1CBEB20B21AAD6C30036E996 /* RecipeCollectionViewCell.swift */,
				1CBF527621D2CFB700972CB5 /* RecipeStepTableViewCell.swift */,
				1CA007CB2165571B0072A908 /* Main.storyboard */,
				1CA007D02165571E0072A908 /* LaunchScreen.storyboard */,
			);
			path = View;
			sourceTree = "<group>";
		};
		5C2B60D9A07ED442EE17608F /* Pods */ = {
			isa = PBXGroup;
			children = (
				DEDE6A691C1DBBA1F1CA80EC /* Pods-Cookity.debug.xcconfig */,
				BE061007BD97220A92EF05D9 /* Pods-Cookity.release.xcconfig */,
			);
			name = Pods;
			sourceTree = "<group>";
		};
		B8062FA9E1FBB681E6E9EDA9 /* Frameworks */ = {
			isa = PBXGroup;
			children = (
				0B8C92B62FE3AF11FE18BB20 /* Pods_Cookity.framework */,
			);
			name = Frameworks;
			sourceTree = "<group>";
		};
/* End PBXGroup section */

/* Begin PBXNativeTarget section */
		1CA007C32165571B0072A908 /* Cookity */ = {
			isa = PBXNativeTarget;
			buildConfigurationList = 1CA007D62165571E0072A908 /* Build configuration list for PBXNativeTarget "Cookity" */;
			buildPhases = (
				C3D02A010AEC4DBA62685D65 /* [CP] Check Pods Manifest.lock */,
				1CA007C02165571B0072A908 /* Sources */,
				1CA007C12165571B0072A908 /* Frameworks */,
				1CA007C22165571B0072A908 /* Resources */,
				74103279251C5BA1A963FD6F /* [CP] Embed Pods Frameworks */,
			);
			buildRules = (
			);
			dependencies = (
			);
			name = Cookity;
			productName = Cookity;
			productReference = 1CA007C42165571B0072A908 /* Cookity.app */;
			productType = "com.apple.product-type.application";
		};
/* End PBXNativeTarget section */

/* Begin PBXProject section */
		1CA007BC2165571A0072A908 /* Project object */ = {
			isa = PBXProject;
			attributes = {
				LastSwiftUpdateCheck = 1000;
				LastUpgradeCheck = 1000;
				ORGANIZATIONNAME = "Mihails Kuznecovs";
				TargetAttributes = {
					1CA007C32165571B0072A908 = {
						CreatedOnToolsVersion = 10.0;
					};
				};
			};
			buildConfigurationList = 1CA007BF2165571A0072A908 /* Build configuration list for PBXProject "Cookity" */;
			compatibilityVersion = "Xcode 9.3";
			developmentRegion = en;
			hasScannedForEncodings = 0;
			knownRegions = (
				en,
				Base,
			);
			mainGroup = 1CA007BB2165571A0072A908;
			productRefGroup = 1CA007C52165571B0072A908 /* Products */;
			projectDirPath = "";
			projectRoot = "";
			targets = (
				1CA007C32165571B0072A908 /* Cookity */,
			);
		};
/* End PBXProject section */

/* Begin PBXResourcesBuildPhase section */
		1CA007C22165571B0072A908 /* Resources */ = {
			isa = PBXResourcesBuildPhase;
			buildActionMask = 2147483647;
			files = (
				1CA007D22165571E0072A908 /* LaunchScreen.storyboard in Resources */,
				1CBEB2B021CE7DBE0036E996 /* Assets.xcassets in Resources */,
				1CA007CD2165571B0072A908 /* Main.storyboard in Resources */,
			);
			runOnlyForDeploymentPostprocessing = 0;
		};
/* End PBXResourcesBuildPhase section */

/* Begin PBXShellScriptBuildPhase section */
		74103279251C5BA1A963FD6F /* [CP] Embed Pods Frameworks */ = {
			isa = PBXShellScriptBuildPhase;
			buildActionMask = 2147483647;
			files = (
			);
			inputPaths = (
				"${SRCROOT}/Pods/Target Support Files/Pods-Cookity/Pods-Cookity-frameworks.sh",
				"${BUILT_PRODUCTS_DIR}/Realm/Realm.framework",
				"${BUILT_PRODUCTS_DIR}/RealmSwift/RealmSwift.framework",
				"${BUILT_PRODUCTS_DIR}/SwipeCellKit/SwipeCellKit.framework",
			);
			name = "[CP] Embed Pods Frameworks";
			outputPaths = (
				"${TARGET_BUILD_DIR}/${FRAMEWORKS_FOLDER_PATH}/Realm.framework",
				"${TARGET_BUILD_DIR}/${FRAMEWORKS_FOLDER_PATH}/RealmSwift.framework",
				"${TARGET_BUILD_DIR}/${FRAMEWORKS_FOLDER_PATH}/SwipeCellKit.framework",
			);
			runOnlyForDeploymentPostprocessing = 0;
			shellPath = /bin/sh;
			shellScript = "\"${SRCROOT}/Pods/Target Support Files/Pods-Cookity/Pods-Cookity-frameworks.sh\"\n";
			showEnvVarsInLog = 0;
		};
		C3D02A010AEC4DBA62685D65 /* [CP] Check Pods Manifest.lock */ = {
			isa = PBXShellScriptBuildPhase;
			buildActionMask = 2147483647;
			files = (
			);
			inputPaths = (
				"${PODS_PODFILE_DIR_PATH}/Podfile.lock",
				"${PODS_ROOT}/Manifest.lock",
			);
			name = "[CP] Check Pods Manifest.lock";
			outputPaths = (
				"$(DERIVED_FILE_DIR)/Pods-Cookity-checkManifestLockResult.txt",
			);
			runOnlyForDeploymentPostprocessing = 0;
			shellPath = /bin/sh;
			shellScript = "diff \"${PODS_PODFILE_DIR_PATH}/Podfile.lock\" \"${PODS_ROOT}/Manifest.lock\" > /dev/null\nif [ $? != 0 ] ; then\n    # print error to STDERR\n    echo \"error: The sandbox is not in sync with the Podfile.lock. Run 'pod install' or update your CocoaPods installation.\" >&2\n    exit 1\nfi\n# This output is used by Xcode 'outputs' to avoid re-running this script phase.\necho \"SUCCESS\" > \"${SCRIPT_OUTPUT_FILE_0}\"\n";
			showEnvVarsInLog = 0;
		};
/* End PBXShellScriptBuildPhase section */

/* Begin PBXSourcesBuildPhase section */
		1CA007C02165571B0072A908 /* Sources */ = {
			isa = PBXSourcesBuildPhase;
			buildActionMask = 2147483647;
			files = (
				1CAC8311217C70FA0081F24E /* CartCollectionViewController.swift in Sources */,
				1CAC8313217C72070081F24E /* ShoppingCart.swift in Sources */,
				1CBEB20E21AAE97B0036E996 /* RecipeViewController.swift in Sources */,
				1CBEB20A21AAC9300036E996 /* RecipeCollectionViewController.swift in Sources */,
				1CA007C82165571B0072A908 /* AppDelegate.swift in Sources */,
				1CA007DE216562000072A908 /* Product.swift in Sources */,
				1CBEB21021B70CD00036E996 /* Configuration.swift in Sources */,
				1CCC6376219383B40066919E /* PopupEditViewController.swift in Sources */,
				1CBEB20C21AAD6C30036E996 /* RecipeCollectionViewCell.swift in Sources */,
				1C72FBAD222D29A100735546 /* DataManager.swift in Sources */,
				1CA007DC216559360072A908 /* CartViewController.swift in Sources */,
				1C4B1A0821887081007CB9FD /* Recipe.swift in Sources */,
				1CAECA19216BDAB3002D3B6D /* TextFieldCell.swift in Sources */,
				1C4B1A0421884EA9007CB9FD /* CookViewController.swift in Sources */,
				1C4B1A022180EC32007CB9FD /* FridgeViewController.swift in Sources */,
				1C4B1A06218866E3007CB9FD /* CookTableViewCell.swift in Sources */,
				1CBF527721D2CFB700972CB5 /* RecipeStepTableViewCell.swift in Sources */,
			);
			runOnlyForDeploymentPostprocessing = 0;
		};
/* End PBXSourcesBuildPhase section */

/* Begin PBXVariantGroup section */
		1CA007CB2165571B0072A908 /* Main.storyboard */ = {
			isa = PBXVariantGroup;
			children = (
				1CA007CC2165571B0072A908 /* Base */,
			);
			name = Main.storyboard;
			sourceTree = "<group>";
		};
		1CA007D02165571E0072A908 /* LaunchScreen.storyboard */ = {
			isa = PBXVariantGroup;
			children = (
				1CA007D12165571E0072A908 /* Base */,
			);
			name = LaunchScreen.storyboard;
			sourceTree = "<group>";
		};
/* End PBXVariantGroup section */

/* Begin XCBuildConfiguration section */
		1CA007D42165571E0072A908 /* Debug */ = {
			isa = XCBuildConfiguration;
			buildSettings = {
				ALWAYS_SEARCH_USER_PATHS = NO;
				CLANG_ANALYZER_NONNULL = YES;
				CLANG_ANALYZER_NUMBER_OBJECT_CONVERSION = YES_AGGRESSIVE;
				CLANG_CXX_LANGUAGE_STANDARD = "gnu++14";
				CLANG_CXX_LIBRARY = "libc++";
				CLANG_ENABLE_MODULES = YES;
				CLANG_ENABLE_OBJC_ARC = YES;
				CLANG_ENABLE_OBJC_WEAK = YES;
				CLANG_WARN_BLOCK_CAPTURE_AUTORELEASING = YES;
				CLANG_WARN_BOOL_CONVERSION = YES;
				CLANG_WARN_COMMA = YES;
				CLANG_WARN_CONSTANT_CONVERSION = YES;
				CLANG_WARN_DEPRECATED_OBJC_IMPLEMENTATIONS = YES;
				CLANG_WARN_DIRECT_OBJC_ISA_USAGE = YES_ERROR;
				CLANG_WARN_DOCUMENTATION_COMMENTS = YES;
				CLANG_WARN_EMPTY_BODY = YES;
				CLANG_WARN_ENUM_CONVERSION = YES;
				CLANG_WARN_INFINITE_RECURSION = YES;
				CLANG_WARN_INT_CONVERSION = YES;
				CLANG_WARN_NON_LITERAL_NULL_CONVERSION = YES;
				CLANG_WARN_OBJC_IMPLICIT_RETAIN_SELF = YES;
				CLANG_WARN_OBJC_LITERAL_CONVERSION = YES;
				CLANG_WARN_OBJC_ROOT_CLASS = YES_ERROR;
				CLANG_WARN_RANGE_LOOP_ANALYSIS = YES;
				CLANG_WARN_STRICT_PROTOTYPES = YES;
				CLANG_WARN_SUSPICIOUS_MOVE = YES;
				CLANG_WARN_UNGUARDED_AVAILABILITY = YES_AGGRESSIVE;
				CLANG_WARN_UNREACHABLE_CODE = YES;
				CLANG_WARN__DUPLICATE_METHOD_MATCH = YES;
				CODE_SIGN_IDENTITY = "iPhone Developer";
				COPY_PHASE_STRIP = NO;
				DEBUG_INFORMATION_FORMAT = dwarf;
				ENABLE_STRICT_OBJC_MSGSEND = YES;
				ENABLE_TESTABILITY = YES;
				GCC_C_LANGUAGE_STANDARD = gnu11;
				GCC_DYNAMIC_NO_PIC = NO;
				GCC_NO_COMMON_BLOCKS = YES;
				GCC_OPTIMIZATION_LEVEL = 0;
				GCC_PREPROCESSOR_DEFINITIONS = (
					"DEBUG=1",
					"$(inherited)",
				);
				GCC_WARN_64_TO_32_BIT_CONVERSION = YES;
				GCC_WARN_ABOUT_RETURN_TYPE = YES_ERROR;
				GCC_WARN_UNDECLARED_SELECTOR = YES;
				GCC_WARN_UNINITIALIZED_AUTOS = YES_AGGRESSIVE;
				GCC_WARN_UNUSED_FUNCTION = YES;
				GCC_WARN_UNUSED_VARIABLE = YES;
				IPHONEOS_DEPLOYMENT_TARGET = 12.0;
				MTL_ENABLE_DEBUG_INFO = INCLUDE_SOURCE;
				MTL_FAST_MATH = YES;
				ONLY_ACTIVE_ARCH = YES;
				SDKROOT = iphoneos;
				SWIFT_ACTIVE_COMPILATION_CONDITIONS = DEBUG;
				SWIFT_OPTIMIZATION_LEVEL = "-Onone";
			};
			name = Debug;
		};
		1CA007D52165571E0072A908 /* Release */ = {
			isa = XCBuildConfiguration;
			buildSettings = {
				ALWAYS_SEARCH_USER_PATHS = NO;
				CLANG_ANALYZER_NONNULL = YES;
				CLANG_ANALYZER_NUMBER_OBJECT_CONVERSION = YES_AGGRESSIVE;
				CLANG_CXX_LANGUAGE_STANDARD = "gnu++14";
				CLANG_CXX_LIBRARY = "libc++";
				CLANG_ENABLE_MODULES = YES;
				CLANG_ENABLE_OBJC_ARC = YES;
				CLANG_ENABLE_OBJC_WEAK = YES;
				CLANG_WARN_BLOCK_CAPTURE_AUTORELEASING = YES;
				CLANG_WARN_BOOL_CONVERSION = YES;
				CLANG_WARN_COMMA = YES;
				CLANG_WARN_CONSTANT_CONVERSION = YES;
				CLANG_WARN_DEPRECATED_OBJC_IMPLEMENTATIONS = YES;
				CLANG_WARN_DIRECT_OBJC_ISA_USAGE = YES_ERROR;
				CLANG_WARN_DOCUMENTATION_COMMENTS = YES;
				CLANG_WARN_EMPTY_BODY = YES;
				CLANG_WARN_ENUM_CONVERSION = YES;
				CLANG_WARN_INFINITE_RECURSION = YES;
				CLANG_WARN_INT_CONVERSION = YES;
				CLANG_WARN_NON_LITERAL_NULL_CONVERSION = YES;
				CLANG_WARN_OBJC_IMPLICIT_RETAIN_SELF = YES;
				CLANG_WARN_OBJC_LITERAL_CONVERSION = YES;
				CLANG_WARN_OBJC_ROOT_CLASS = YES_ERROR;
				CLANG_WARN_RANGE_LOOP_ANALYSIS = YES;
				CLANG_WARN_STRICT_PROTOTYPES = YES;
				CLANG_WARN_SUSPICIOUS_MOVE = YES;
				CLANG_WARN_UNGUARDED_AVAILABILITY = YES_AGGRESSIVE;
				CLANG_WARN_UNREACHABLE_CODE = YES;
				CLANG_WARN__DUPLICATE_METHOD_MATCH = YES;
				CODE_SIGN_IDENTITY = "iPhone Developer";
				COPY_PHASE_STRIP = NO;
				DEBUG_INFORMATION_FORMAT = "dwarf-with-dsym";
				ENABLE_NS_ASSERTIONS = NO;
				ENABLE_STRICT_OBJC_MSGSEND = YES;
				GCC_C_LANGUAGE_STANDARD = gnu11;
				GCC_NO_COMMON_BLOCKS = YES;
				GCC_WARN_64_TO_32_BIT_CONVERSION = YES;
				GCC_WARN_ABOUT_RETURN_TYPE = YES_ERROR;
				GCC_WARN_UNDECLARED_SELECTOR = YES;
				GCC_WARN_UNINITIALIZED_AUTOS = YES_AGGRESSIVE;
				GCC_WARN_UNUSED_FUNCTION = YES;
				GCC_WARN_UNUSED_VARIABLE = YES;
				IPHONEOS_DEPLOYMENT_TARGET = 12.0;
				MTL_ENABLE_DEBUG_INFO = NO;
				MTL_FAST_MATH = YES;
				SDKROOT = iphoneos;
				SWIFT_COMPILATION_MODE = wholemodule;
				SWIFT_OPTIMIZATION_LEVEL = "-O";
				VALIDATE_PRODUCT = YES;
			};
			name = Release;
		};
		1CA007D72165571E0072A908 /* Debug */ = {
			isa = XCBuildConfiguration;
			baseConfigurationReference = DEDE6A691C1DBBA1F1CA80EC /* Pods-Cookity.debug.xcconfig */;
			buildSettings = {
				ASSETCATALOG_COMPILER_APPICON_NAME = AppIcon;
				CODE_SIGN_STYLE = Automatic;
				DEVELOPMENT_TEAM = 7367KKMU64;
				INFOPLIST_FILE = "$(SRCROOT)/Info.plist";
				LD_RUNPATH_SEARCH_PATHS = (
					"$(inherited)",
					"@executable_path/Frameworks",
				);
				PRODUCT_BUNDLE_IDENTIFIER = com.michaelk.Cookity;
				PRODUCT_NAME = "$(TARGET_NAME)";
				SWIFT_VERSION = 4.2;
				TARGETED_DEVICE_FAMILY = 1;
			};
			name = Debug;
		};
		1CA007D82165571E0072A908 /* Release */ = {
			isa = XCBuildConfiguration;
			baseConfigurationReference = BE061007BD97220A92EF05D9 /* Pods-Cookity.release.xcconfig */;
			buildSettings = {
				ASSETCATALOG_COMPILER_APPICON_NAME = AppIcon;
				CODE_SIGN_STYLE = Automatic;
				DEVELOPMENT_TEAM = 7367KKMU64;
				INFOPLIST_FILE = "$(SRCROOT)/Info.plist";
				LD_RUNPATH_SEARCH_PATHS = (
					"$(inherited)",
					"@executable_path/Frameworks",
				);
				PRODUCT_BUNDLE_IDENTIFIER = com.michaelk.Cookity;
				PRODUCT_NAME = "$(TARGET_NAME)";
				SWIFT_VERSION = 4.2;
				TARGETED_DEVICE_FAMILY = 1;
			};
			name = Release;
		};
/* End XCBuildConfiguration section */

/* Begin XCConfigurationList section */
		1CA007BF2165571A0072A908 /* Build configuration list for PBXProject "Cookity" */ = {
			isa = XCConfigurationList;
			buildConfigurations = (
				1CA007D42165571E0072A908 /* Debug */,
				1CA007D52165571E0072A908 /* Release */,
			);
			defaultConfigurationIsVisible = 0;
			defaultConfigurationName = Release;
		};
		1CA007D62165571E0072A908 /* Build configuration list for PBXNativeTarget "Cookity" */ = {
			isa = XCConfigurationList;
			buildConfigurations = (
				1CA007D72165571E0072A908 /* Debug */,
				1CA007D82165571E0072A908 /* Release */,
			);
			defaultConfigurationIsVisible = 0;
			defaultConfigurationName = Release;
		};
/* End XCConfigurationList section */
	};
	rootObject = 1CA007BC2165571A0072A908 /* Project object */;
}
